
Microsoft Visual Studio Solution File, Format Version 11.00
# Visual Studio 2010
Project("{8BC9CEB8-8B4A-11D0-8D11-00A0C91BC942}") = "ComplexCalculator", "ComplexCalculator\ComplexCalculator.vcxproj", "{4FFE3648-7392-47BA-8EB8-8A7E3E4C173E}"
EndProject
Project("{FAE04EC0-301F-11D3-BF4B-00C04F79EFBC}") = "ComplexCalculatorWinForm", "ComplexCalculatorWinForm\ComplexCalculatorWinForm.csproj", "{CFDC8E3C-24EA-4310-BDB9-E5CA2F73A783}"
EndProject
Global
	GlobalSection(SolutionConfigurationPlatforms) = preSolution
		Debug|Mixed Platforms = Debug|Mixed Platforms
		Debug|Win32 = Debug|Win32
		Debug|x86 = Debug|x86
		Release|Mixed Platforms = Release|Mixed Platforms
		Release|Win32 = Release|Win32
		Release|x86 = Release|x86
	EndGlobalSection
	GlobalSection(ProjectConfigurationPlatforms) = postSolution
		{4FFE3648-7392-47BA-8EB8-8A7E3E4C173E}.Debug|Mixed Platforms.ActiveCfg = Debug|Win32
		{4FFE3648-7392-47BA-8EB8-8A7E3E4C173E}.Debug|Mixed Platforms.Build.0 = Debug|Win32
		{4FFE3648-7392-47BA-8EB8-8A7E3E4C173E}.Debug|Win32.ActiveCfg = Debug|Win32
		{4FFE3648-7392-47BA-8EB8-8A7E3E4C173E}.Debug|Win32.Build.0 = Debug|Win32
		{4FFE3648-7392-47BA-8EB8-8A7E3E4C173E}.Debug|x86.ActiveCfg = Debug|Win32
		{4FFE3648-7392-47BA-8EB8-8A7E3E4C173E}.Release|Mixed Platforms.ActiveCfg = Release|Win32
		{4FFE3648-7392-47BA-8EB8-8A7E3E4C173E}.Release|Mixed Platforms.Build.0 = Release|Win32
		{4FFE3648-7392-47BA-8EB8-8A7E3E4C173E}.Release|Win32.ActiveCfg = Release|Win32
		{4FFE3648-7392-47BA-8EB8-8A7E3E4C173E}.Release|Win32.Build.0 = Release|Win32
		{4FFE3648-7392-47BA-8EB8-8A7E3E4C173E}.Release|x86.ActiveCfg = Release|Win32
		{CFDC8E3C-24EA-4310-BDB9-E5CA2F73A783}.Debug|Mixed Platforms.ActiveCfg = Debug|x86
		{CFDC8E3C-24EA-4310-BDB9-E5CA2F73A783}.Debug|Mixed Platforms.Build.0 = Debug|x86
		{CFDC8E3C-24EA-4310-BDB9-E5CA2F73A783}.Debug|Win32.ActiveCfg = Debug|x86
		{CFDC8E3C-24EA-4310-BDB9-E5CA2F73A783}.Debug|x86.ActiveCfg = Debug|x86
		{CFDC8E3C-24EA-4310-BDB9-E5CA2F73A783}.Debug|x86.Build.0 = Debug|x86
		{CFDC8E3C-24EA-4310-BDB9-E5CA2F73A783}.Release|Mixed Platforms.ActiveCfg = Release|x86
		{CFDC8E3C-24EA-4310-BDB9-E5CA2F73A783}.Release|Mixed Platforms.Build.0 = Release|x86
		{CFDC8E3C-24EA-4310-BDB9-E5CA2F73A783}.Release|Win32.ActiveCfg = Release|x86
		{CFDC8E3C-24EA-4310-BDB9-E5CA2F73A783}.Release|x86.ActiveCfg = Release|x86
		{CFDC8E3C-24EA-4310-BDB9-E5CA2F73A783}.Release|x86.Build.0 = Release|x86
	EndGlobalSection
	GlobalSection(SolutionProperties) = preSolution
		HideSolutionNode = FALSE
	EndGlobalSection
EndGlobal
